
Microsoft Visual Studio Solution File, Format Version 12.00
# Visual Studio Version 17
VisualStudioVersion = 17.9.34723.18
MinimumVisualStudioVersion = 10.0.40219.1
Project("{FAE04EC0-301F-11D3-BF4B-00C04F79EFBC}") = "TasksWebApp", "TasksWebApp.csproj", "{892856FD-7855-407A-8059-F0B0B9E4C3A2}"
EndProject
Global
	GlobalSection(SolutionConfigurationPlatforms) = preSolution
		Debug|Any CPU = Debug|Any CPU
		Release|Any CPU = Release|Any CPU
	EndGlobalSection
	GlobalSection(ProjectConfigurationPlatforms) = postSolution
		{892856FD-7855-407A-8059-F0B0B9E4C3A2}.Debug|Any CPU.ActiveCfg = Debug|Any CPU
		{892856FD-7855-407A-8059-F0B0B9E4C3A2}.Debug|Any CPU.Build.0 = Debug|Any CPU
		{892856FD-7855-407A-8059-F0B0B9E4C3A2}.Release|Any CPU.ActiveCfg = Release|Any CPU
		{892856FD-7855-407A-8059-F0B0B9E4C3A2}.Release|Any CPU.Build.0 = Release|Any CPU
	EndGlobalSection
	GlobalSection(SolutionProperties) = preSolution
		HideSolutionNode = FALSE
	EndGlobalSection
	GlobalSection(ExtensibilityGlobals) = postSolution
		SolutionGuid = {628C0132-2498-4D7D-8DFD-0F437DB8C86B}
	EndGlobalSection
EndGlobal
